PODS:
  - Alamofire (5.4.1)
  - IQKeyboardManagerSwift (6.5.6)
  - SDWebImage (5.10.4):
    - SDWebImage/Core (= 5.10.4)
  - SDWebImage/Core (5.10.4)
  - SwiftyJSON (5.0.0)
  - TextFieldEffects (1.6.0)

DEPENDENCIES:
  - Alamofire
  - IQKeyboardManagerSwift
  - SDWebImage
  - SwiftyJSON
  - TextFieldEffects

SPEC REPOS:
  trunk:
    - Alamofire
    - IQKeyboardManagerSwift
    - SDWebImage
    - SwiftyJSON
    - TextFieldEffects

SPEC CHECKSUMS:
  Alamofire: 2291f7d21ca607c491dd17642e5d40fdcda0e65c
  IQKeyboardManagerSwift: c7df9d2deb356c04522f5c4b7b6e4ce4d8ed94fe
  SDWebImage: c666b97e1fa9c64b4909816a903322018f0a9c84
  SwiftyJSON: 36413e04c44ee145039d332b4f4e2d3e8d6c4db7
  TextFieldEffects: 529b8aff706fb40f82c41c780c0777941a893796

PODFILE CHECKSUM: d873018beff6f5d46ee20671ff21d1b0f0a2df3e

COCOAPODS: 1.10.1
